// !$*UTF8*$!
{
	archiveVersion = 1;
	classes = {
	};
	objectVersion = 46;
	objects = {

/* Begin PBXBuildFile section */
		2B6B45161CC7EE4400C152F7 /* AppDelegate.swift in Sources */ = {isa = PBXBuildFile; fileRef = 2B6B45151CC7EE4400C152F7 /* AppDelegate.swift */; };
		2B6B45181CC7EE4400C152F7 /* ViewController.swift in Sources */ = {isa = PBXBuildFile; fileRef = 2B6B45171CC7EE4400C152F7 /* ViewController.swift */; };
		2B6B451B1CC7EE4400C152F7 /* Main.storyboard in Resources */ = {isa = PBXBuildFile; fileRef = 2B6B45191CC7EE4400C152F7 /* Main.storyboard */; };
		2B6B451D1CC7EE4400C152F7 /* Assets.xcassets in Resources */ = {isa = PBXBuildFile; fileRef = 2B6B451C1CC7EE4400C152F7 /* Assets.xcassets */; };
		2B6B45201CC7EE4400C152F7 /* LaunchScreen.storyboard in Resources */ = {isa = PBXBuildFile; fileRef = 2B6B451E1CC7EE4400C152F7 /* LaunchScreen.storyboard */; };
		2B6B452B1CC7EE4400C152F7 /* OSWifiHeatMapTests.swift in Sources */ = {isa = PBXBuildFile; fileRef = 2B6B452A1CC7EE4400C152F7 /* OSWifiHeatMapTests.swift */; };
		2B6B45361CC7F16000C152F7 /* MapKit.framework in Frameworks */ = {isa = PBXBuildFile; fileRef = 2B6B45351CC7F16000C152F7 /* MapKit.framework */; };
		635C8E92CD967390BE0F2349 /* libPods-OSWifiHeatMap.a in Frameworks */ = {isa = PBXBuildFile; fileRef = 36C57ABF8FAC1FB44DA34D68 /* libPods-OSWifiHeatMap.a */; };
		6AB8F69F4D71AF77DF571EDD /* libPods-OSWifiHeatMapTests.a in Frameworks */ = {isa = PBXBuildFile; fileRef = 80D44299C505F7BE4B7F5D07 /* libPods-OSWifiHeatMapTests.a */; };
/* End PBXBuildFile section */

/* Begin PBXContainerItemProxy section */
		2B6B45271CC7EE4400C152F7 /* PBXContainerItemProxy */ = {
			isa = PBXContainerItemProxy;
			containerPortal = 2B6B450A1CC7EE4300C152F7 /* Project object */;
			proxyType = 1;
			remoteGlobalIDString = 2B6B45111CC7EE4300C152F7;
			remoteInfo = OSWifiHeatMap;
		};
/* End PBXContainerItemProxy section */

/* Begin PBXFileReference section */
		099D6BADB20A48E42636C0A7 /* Pods-OSWifiHeatMap.debug.xcconfig */ = {isa = PBXFileReference; includeInIndex = 1; lastKnownFileType = text.xcconfig; name = "Pods-OSWifiHeatMap.debug.xcconfig"; path = "Pods/Target Support Files/Pods-OSWifiHeatMap/Pods-OSWifiHeatMap.debug.xcconfig"; sourceTree = "<group>"; };
		2B6B45121CC7EE4300C152F7 /* OSWifiHeatMap.app */ = {isa = PBXFileReference; explicitFileType = wrapper.application; includeInIndex = 0; path = OSWifiHeatMap.app; sourceTree = BUILT_PRODUCTS_DIR; };
		2B6B45151CC7EE4400C152F7 /* AppDelegate.swift */ = {isa = PBXFileReference; lastKnownFileType = sourcecode.swift; path = AppDelegate.swift; sourceTree = "<group>"; };
		2B6B45171CC7EE4400C152F7 /* ViewController.swift */ = {isa = PBXFileReference; lastKnownFileType = sourcecode.swift; path = ViewController.swift; sourceTree = "<group>"; };
		2B6B451A1CC7EE4400C152F7 /* Base */ = {isa = PBXFileReference; lastKnownFileType = file.storyboard; name = Base; path = Base.lproj/Main.storyboard; sourceTree = "<group>"; };
		2B6B451C1CC7EE4400C152F7 /* Assets.xcassets */ = {isa = PBXFileReference; lastKnownFileType = folder.assetcatalog; path = Assets.xcassets; sourceTree = "<group>"; };
		2B6B451F1CC7EE4400C152F7 /* Base */ = {isa = PBXFileReference; lastKnownFileType = file.storyboard; name = Base; path = Base.lproj/LaunchScreen.storyboard; sourceTree = "<group>"; };
		2B6B45211CC7EE4400C152F7 /* Info.plist */ = {isa = PBXFileReference; lastKnownFileType = text.plist.xml; path = Info.plist; sourceTree = "<group>"; };
		2B6B45261CC7EE4400C152F7 /* OSWifiHeatMapTests.xctest */ = {isa = PBXFileReference; explicitFileType = wrapper.cfbundle; includeInIndex = 0; path = OSWifiHeatMapTests.xctest; sourceTree = BUILT_PRODUCTS_DIR; };
		2B6B452A1CC7EE4400C152F7 /* OSWifiHeatMapTests.swift */ = {isa = PBXFileReference; lastKnownFileType = sourcecode.swift; path = OSWifiHeatMapTests.swift; sourceTree = "<group>"; };
		2B6B452C1CC7EE4400C152F7 /* Info.plist */ = {isa = PBXFileReference; lastKnownFileType = text.plist.xml; path = Info.plist; sourceTree = "<group>"; };
		2B6B45351CC7F16000C152F7 /* MapKit.framework */ = {isa = PBXFileReference; lastKnownFileType = wrapper.framework; name = MapKit.framework; path = System/Library/Frameworks/MapKit.framework; sourceTree = SDKROOT; };
		2B6B45371CC7FD6000C152F7 /* CoreLocation.framework */ = {isa = PBXFileReference; lastKnownFileType = wrapper.framework; name = CoreLocation.framework; path = System/Library/Frameworks/CoreLocation.framework; sourceTree = SDKROOT; };
		36C57ABF8FAC1FB44DA34D68 /* libPods-OSWifiHeatMap.a */ = {isa = PBXFileReference; explicitFileType = archive.ar; includeInIndex = 0; path = "libPods-OSWifiHeatMap.a"; sourceTree = BUILT_PRODUCTS_DIR; };
		61A0AAF6FB519BFA4768B287 /* Pods-OSWifiHeatMapTests.debug.xcconfig */ = {isa = PBXFileReference; includeInIndex = 1; lastKnownFileType = text.xcconfig; name = "Pods-OSWifiHeatMapTests.debug.xcconfig"; path = "Pods/Target Support Files/Pods-OSWifiHeatMapTests/Pods-OSWifiHeatMapTests.debug.xcconfig"; sourceTree = "<group>"; };
		80D44299C505F7BE4B7F5D07 /* libPods-OSWifiHeatMapTests.a */ = {isa = PBXFileReference; explicitFileType = archive.ar; includeInIndex = 0; path = "libPods-OSWifiHeatMapTests.a"; sourceTree = BUILT_PRODUCTS_DIR; };
		8F17A9DE301B2A5429B31429 /* Pods-OSWifiHeatMap.release.xcconfig */ = {isa = PBXFileReference; includeInIndex = 1; lastKnownFileType = text.xcconfig; name = "Pods-OSWifiHeatMap.release.xcconfig"; path = "Pods/Target Support Files/Pods-OSWifiHeatMap/Pods-OSWifiHeatMap.release.xcconfig"; sourceTree = "<group>"; };
		951F088B3FC3F099D4EE835D /* Pods-OSWifiHeatMapTests.release.xcconfig */ = {isa = PBXFileReference; includeInIndex = 1; lastKnownFileType = text.xcconfig; name = "Pods-OSWifiHeatMapTests.release.xcconfig"; path = "Pods/Target Support Files/Pods-OSWifiHeatMapTests/Pods-OSWifiHeatMapTests.release.xcconfig"; sourceTree = "<group>"; };
/* End PBXFileReference section */

/* Begin PBXFrameworksBuildPhase section */
		2B6B450F1CC7EE4300C152F7 /* Frameworks */ = {
			isa = PBXFrameworksBuildPhase;
			buildActionMask = 2147483647;
			files = (
				2B6B45361CC7F16000C152F7 /* MapKit.framework in Frameworks */,
				635C8E92CD967390BE0F2349 /* libPods-OSWifiHeatMap.a in Frameworks */,
			);
			runOnlyForDeploymentPostprocessing = 0;
		};
		2B6B45231CC7EE4400C152F7 /* Frameworks */ = {
			isa = PBXFrameworksBuildPhase;
			buildActionMask = 2147483647;
			files = (
				6AB8F69F4D71AF77DF571EDD /* libPods-OSWifiHeatMapTests.a in Frameworks */,
			);
			runOnlyForDeploymentPostprocessing = 0;
		};
/* End PBXFrameworksBuildPhase section */

/* Begin PBXGroup section */
		239ED8053930709F020153B0 /* Pods */ = {
			isa = PBXGroup;
			children = (
				099D6BADB20A48E42636C0A7 /* Pods-OSWifiHeatMap.debug.xcconfig */,
				8F17A9DE301B2A5429B31429 /* Pods-OSWifiHeatMap.release.xcconfig */,
				61A0AAF6FB519BFA4768B287 /* Pods-OSWifiHeatMapTests.debug.xcconfig */,
				951F088B3FC3F099D4EE835D /* Pods-OSWifiHeatMapTests.release.xcconfig */,
			);
			name = Pods;
			sourceTree = "<group>";
		};
		2B6B45091CC7EE4300C152F7 = {
			isa = PBXGroup;
			children = (
				2B6B45141CC7EE4400C152F7 /* OSWifiHeatMap */,
				2B6B45291CC7EE4400C152F7 /* OSWifiHeatMapTests */,
				2B6B45131CC7EE4300C152F7 /* Products */,
				239ED8053930709F020153B0 /* Pods */,
				7688FDE9F026D77D5ADE04AF /* Frameworks */,
			);
			sourceTree = "<group>";
		};
		2B6B45131CC7EE4300C152F7 /* Products */ = {
			isa = PBXGroup;
			children = (
				2B6B45121CC7EE4300C152F7 /* OSWifiHeatMap.app */,
				2B6B45261CC7EE4400C152F7 /* OSWifiHeatMapTests.xctest */,
			);
			name = Products;
			sourceTree = "<group>";
		};
		2B6B45141CC7EE4400C152F7 /* OSWifiHeatMap */ = {
			isa = PBXGroup;
			children = (
				2B6B45151CC7EE4400C152F7 /* AppDelegate.swift */,
				2B6B45171CC7EE4400C152F7 /* ViewController.swift */,
				2B6B45191CC7EE4400C152F7 /* Main.storyboard */,
				2B6B451C1CC7EE4400C152F7 /* Assets.xcassets */,
				2B6B451E1CC7EE4400C152F7 /* LaunchScreen.storyboard */,
				2B6B45211CC7EE4400C152F7 /* Info.plist */,
			);
			path = OSWifiHeatMap;
			sourceTree = "<group>";
		};
		2B6B45291CC7EE4400C152F7 /* OSWifiHeatMapTests */ = {
			isa = PBXGroup;
			children = (
				2B6B452A1CC7EE4400C152F7 /* OSWifiHeatMapTests.swift */,
				2B6B452C1CC7EE4400C152F7 /* Info.plist */,
			);
			path = OSWifiHeatMapTests;
			sourceTree = "<group>";
		};
		7688FDE9F026D77D5ADE04AF /* Frameworks */ = {
			isa = PBXGroup;
			children = (
				2B6B45371CC7FD6000C152F7 /* CoreLocation.framework */,
				2B6B45351CC7F16000C152F7 /* MapKit.framework */,
				36C57ABF8FAC1FB44DA34D68 /* libPods-OSWifiHeatMap.a */,
				80D44299C505F7BE4B7F5D07 /* libPods-OSWifiHeatMapTests.a */,
			);
			name = Frameworks;
			sourceTree = "<group>";
		};
/* End PBXGroup section */

/* Begin PBXNativeTarget section */
		2B6B45111CC7EE4300C152F7 /* OSWifiHeatMap */ = {
			isa = PBXNativeTarget;
			buildConfigurationList = 2B6B452F1CC7EE4400C152F7 /* Build configuration list for PBXNativeTarget "OSWifiHeatMap" */;
			buildPhases = (
				2758B37EC393AAA61C8F065F /* 📦 Check Pods Manifest.lock */,
				2B6B450E1CC7EE4300C152F7 /* Sources */,
				2B6B450F1CC7EE4300C152F7 /* Frameworks */,
				2B6B45101CC7EE4300C152F7 /* Resources */,
				FBC221D8945B576398B9F8D2 /* 📦 Embed Pods Frameworks */,
				5B8FE727328D6808FA14BAB9 /* 📦 Copy Pods Resources */,
			);
			buildRules = (
			);
			dependencies = (
			);
			name = OSWifiHeatMap;
			productName = OSWifiHeatMap;
			productReference = 2B6B45121CC7EE4300C152F7 /* OSWifiHeatMap.app */;
			productType = "com.apple.product-type.application";
		};
		2B6B45251CC7EE4400C152F7 /* OSWifiHeatMapTests */ = {
			isa = PBXNativeTarget;
			buildConfigurationList = 2B6B45321CC7EE4400C152F7 /* Build configuration list for PBXNativeTarget "OSWifiHeatMapTests" */;
			buildPhases = (
				69C0A652F20081008E78403B /* 📦 Check Pods Manifest.lock */,
				2B6B45221CC7EE4400C152F7 /* Sources */,
				2B6B45231CC7EE4400C152F7 /* Frameworks */,
				2B6B45241CC7EE4400C152F7 /* Resources */,
				A3A8EDB57D210287B53E509E /* 📦 Embed Pods Frameworks */,
				32411372BD96E791820ABE21 /* 📦 Copy Pods Resources */,
			);
			buildRules = (
			);
			dependencies = (
				2B6B45281CC7EE4400C152F7 /* PBXTargetDependency */,
			);
			name = OSWifiHeatMapTests;
			productName = OSWifiHeatMapTests;
			productReference = 2B6B45261CC7EE4400C152F7 /* OSWifiHeatMapTests.xctest */;
			productType = "com.apple.product-type.bundle.unit-test";
		};
/* End PBXNativeTarget section */

/* Begin PBXProject section */
		2B6B450A1CC7EE4300C152F7 /* Project object */ = {
			isa = PBXProject;
			attributes = {
				LastSwiftUpdateCheck = 0730;
				LastUpgradeCheck = 0730;
				ORGANIZATIONNAME = "Ondrej Stocek";
				TargetAttributes = {
					2B6B45111CC7EE4300C152F7 = {
						CreatedOnToolsVersion = 7.3;
					};
					2B6B45251CC7EE4400C152F7 = {
						CreatedOnToolsVersion = 7.3;
						TestTargetID = 2B6B45111CC7EE4300C152F7;
					};
				};
			};
			buildConfigurationList = 2B6B450D1CC7EE4300C152F7 /* Build configuration list for PBXProject "OSWifiHeatMap" */;
			compatibilityVersion = "Xcode 3.2";
			developmentRegion = English;
			hasScannedForEncodings = 0;
			knownRegions = (
				en,
				Base,
			);
			mainGroup = 2B6B45091CC7EE4300C152F7;
			productRefGroup = 2B6B45131CC7EE4300C152F7 /* Products */;
			projectDirPath = "";
			projectRoot = "";
			targets = (
				2B6B45111CC7EE4300C152F7 /* OSWifiHeatMap */,
				2B6B45251CC7EE4400C152F7 /* OSWifiHeatMapTests */,
			);
		};
/* End PBXProject section */

/* Begin PBXResourcesBuildPhase section */
		2B6B45101CC7EE4300C152F7 /* Resources */ = {
			isa = PBXResourcesBuildPhase;
			buildActionMask = 2147483647;
			files = (
				2B6B45201CC7EE4400C152F7 /* LaunchScreen.storyboard in Resources */,
				2B6B451D1CC7EE4400C152F7 /* Assets.xcassets in Resources */,
				2B6B451B1CC7EE4400C152F7 /* Main.storyboard in Resources */,
			);
			runOnlyForDeploymentPostprocessing = 0;
		};
		2B6B45241CC7EE4400C152F7 /* Resources */ = {
			isa = PBXResourcesBuildPhase;
			buildActionMask = 2147483647;
			files = (
			);
			runOnlyForDeploymentPostprocessing = 0;
		};
/* End PBXResourcesBuildPhase section */

/* Begin PBXShellScriptBuildPhase section */
		2758B37EC393AAA61C8F065F /* 📦 Check Pods Manifest.lock */ = {
			isa = PBXShellScriptBuildPhase;
			buildActionMask = 2147483647;
			files = (
			);
			inputPaths = (
			);
			name = "📦 Check Pods Manifest.lock";
			outputPaths = (
			);
			runOnlyForDeploymentPostprocessing = 0;
			shellPath = /bin/sh;
			shellScript = "diff \"${PODS_ROOT}/../Podfile.lock\" \"${PODS_ROOT}/Manifest.lock\" > /dev/null\nif [[ $? != 0 ]] ; then\n    cat << EOM\nerror: The sandbox is not in sync with the Podfile.lock. Run 'pod install' or update your CocoaPods installation.\nEOM\n    exit 1\nfi\n";
			showEnvVarsInLog = 0;
		};
		32411372BD96E791820ABE21 /* 📦 Copy Pods Resources */ = {
			isa = PBXShellScriptBuildPhase;
			buildActionMask = 2147483647;
			files = (
			);
			inputPaths = (
			);
			name = "📦 Copy Pods Resources";
			outputPaths = (
			);
			runOnlyForDeploymentPostprocessing = 0;
			shellPath = /bin/sh;
			shellScript = "\"${SRCROOT}/Pods/Target Support Files/Pods-OSWifiHeatMapTests/Pods-OSWifiHeatMapTests-resources.sh\"\n";
			showEnvVarsInLog = 0;
		};
		5B8FE727328D6808FA14BAB9 /* 📦 Copy Pods Resources */ = {
			isa = PBXShellScriptBuildPhase;
			buildActionMask = 2147483647;
			files = (
			);
			inputPaths = (
			);
			name = "📦 Copy Pods Resources";
			outputPaths = (
			);
			runOnlyForDeploymentPostprocessing = 0;
			shellPath = /bin/sh;
			shellScript = "\"${SRCROOT}/Pods/Target Support Files/Pods-OSWifiHeatMap/Pods-OSWifiHeatMap-resources.sh\"\n";
			showEnvVarsInLog = 0;
		};
		69C0A652F20081008E78403B /* 📦 Check Pods Manifest.lock */ = {
			isa = PBXShellScriptBuildPhase;
			buildActionMask = 2147483647;
			files = (
			);
			inputPaths = (
			);
			name = "📦 Check Pods Manifest.lock";
			outputPaths = (
			);
			runOnlyForDeploymentPostprocessing = 0;
			shellPath = /bin/sh;
			shellScript = "diff \"${PODS_ROOT}/../Podfile.lock\" \"${PODS_ROOT}/Manifest.lock\" > /dev/null\nif [[ $? != 0 ]] ; then\n    cat << EOM\nerror: The sandbox is not in sync with the Podfile.lock. Run 'pod install' or update your CocoaPods installation.\nEOM\n    exit 1\nfi\n";
			showEnvVarsInLog = 0;
		};
		A3A8EDB57D210287B53E509E /* 📦 Embed Pods Frameworks */ = {
			isa = PBXShellScriptBuildPhase;
			buildActionMask = 2147483647;
			files = (
			);
			inputPaths = (
			);
			name = "📦 Embed Pods Frameworks";
			outputPaths = (
			);
			runOnlyForDeploymentPostprocessing = 0;
			shellPath = /bin/sh;
			shellScript = "\"${SRCROOT}/Pods/Target Support Files/Pods-OSWifiHeatMapTests/Pods-OSWifiHeatMapTests-frameworks.sh\"\n";
			showEnvVarsInLog = 0;
		};
		FBC221D8945B576398B9F8D2 /* 📦 Embed Pods Frameworks */ = {
			isa = PBXShellScriptBuildPhase;
			buildActionMask = 2147483647;
			files = (
			);
			inputPaths = (
			);
			name = "📦 Embed Pods Frameworks";
			outputPaths = (
			);
			runOnlyForDeploymentPostprocessing = 0;
			shellPath = /bin/sh;
			shellScript = "\"${SRCROOT}/Pods/Target Support Files/Pods-OSWifiHeatMap/Pods-OSWifiHeatMap-frameworks.sh\"\n";
			showEnvVarsInLog = 0;
		};
/* End PBXShellScriptBuildPhase section */

/* Begin PBXSourcesBuildPhase section */
		2B6B450E1CC7EE4300C152F7 /* Sources */ = {
			isa = PBXSourcesBuildPhase;
			buildActionMask = 2147483647;
			files = (
				2B6B45181CC7EE4400C152F7 /* ViewController.swift in Sources */,
				2B6B45161CC7EE4400C152F7 /* AppDelegate.swift in Sources */,
			);
			runOnlyForDeploymentPostprocessing = 0;
		};
		2B6B45221CC7EE4400C152F7 /* Sources */ = {
			isa = PBXSourcesBuildPhase;
			buildActionMask = 2147483647;
			files = (
				2B6B452B1CC7EE4400C152F7 /* OSWifiHeatMapTests.swift in Sources */,
			);
			runOnlyForDeploymentPostprocessing = 0;
		};
/* End PBXSourcesBuildPhase section */

/* Begin PBXTargetDependency section */
		2B6B45281CC7EE4400C152F7 /* PBXTargetDependency */ = {
			isa = PBXTargetDependency;
			target = 2B6B45111CC7EE4300C152F7 /* OSWifiHeatMap */;
			targetProxy = 2B6B45271CC7EE4400C152F7 /* PBXContainerItemProxy */;
		};
/* End PBXTargetDependency section */

/* Begin PBXVariantGroup section */
		2B6B45191CC7EE4400C152F7 /* Main.storyboard */ = {
			isa = PBXVariantGroup;
			children = (
				2B6B451A1CC7EE4400C152F7 /* Base */,
			);
			name = Main.storyboard;
			sourceTree = "<group>";
		};
		2B6B451E1CC7EE4400C152F7 /* LaunchScreen.storyboard */ = {
			isa = PBXVariantGroup;
			children = (
				2B6B451F1CC7EE4400C152F7 /* Base */,
			);
			name = LaunchScreen.storyboard;
			sourceTree = "<group>";
		};
/* End PBXVariantGroup section */

/* Begin XCBuildConfiguration section */
		2B6B452D1CC7EE4400C152F7 /* Debug */ = {
			isa = XCBuildConfiguration;
			buildSettings = {
				ALWAYS_SEARCH_USER_PATHS = NO;
				CLANG_ANALYZER_NONNULL = YES;
				CLANG_CXX_LANGUAGE_STANDARD = "gnu++0x";
				CLANG_CXX_LIBRARY = "libc++";
				CLANG_ENABLE_MODULES = YES;
				CLANG_ENABLE_OBJC_ARC = YES;
				CLANG_WARN_BOOL_CONVERSION = YES;
				CLANG_WARN_CONSTANT_CONVERSION = YES;
				CLANG_WARN_DIRECT_OBJC_ISA_USAGE = YES_ERROR;
				CLANG_WARN_EMPTY_BODY = YES;
				CLANG_WARN_ENUM_CONVERSION = YES;
				CLANG_WARN_INT_CONVERSION = YES;
				CLANG_WARN_OBJC_ROOT_CLASS = YES_ERROR;
				CLANG_WARN_UNREACHABLE_CODE = YES;
				CLANG_WARN__DUPLICATE_METHOD_MATCH = YES;
				"CODE_SIGN_IDENTITY[sdk=iphoneos*]" = "iPhone Developer";
				COPY_PHASE_STRIP = NO;
				DEBUG_INFORMATION_FORMAT = dwarf;
				ENABLE_STRICT_OBJC_MSGSEND = YES;
				ENABLE_TESTABILITY = YES;
				GCC_C_LANGUAGE_STANDARD = gnu99;
				GCC_DYNAMIC_NO_PIC = NO;
				GCC_NO_COMMON_BLOCKS = YES;
				GCC_OPTIMIZATION_LEVEL = 0;
				GCC_PREPROCESSOR_DEFINITIONS = (
					"DEBUG=1",
					"$(inherited)",
				);
				GCC_WARN_64_TO_32_BIT_CONVERSION = YES;
				GCC_WARN_ABOUT_RETURN_TYPE = YES_ERROR;
				GCC_WARN_UNDECLARED_SELECTOR = YES;
				GCC_WARN_UNINITIALIZED_AUTOS = YES_AGGRESSIVE;
				GCC_WARN_UNUSED_FUNCTION = YES;
				GCC_WARN_UNUSED_VARIABLE = YES;
				IPHONEOS_DEPLOYMENT_TARGET = 9.3;
				MTL_ENABLE_DEBUG_INFO = YES;
				ONLY_ACTIVE_ARCH = YES;
				SDKROOT = iphoneos;
				SWIFT_OPTIMIZATION_LEVEL = "-Onone";
				TARGETED_DEVICE_FAMILY = "1,2";
			};
			name = Debug;
		};
		2B6B452E1CC7EE4400C152F7 /* Release */ = {
			isa = XCBuildConfiguration;
			buildSettings = {
				ALWAYS_SEARCH_USER_PATHS = NO;
				CLANG_ANALYZER_NONNULL = YES;
				CLANG_CXX_LANGUAGE_STANDARD = "gnu++0x";
				CLANG_CXX_LIBRARY = "libc++";
				CLANG_ENABLE_MODULES = YES;
				CLANG_ENABLE_OBJC_ARC = YES;
				CLANG_WARN_BOOL_CONVERSION = YES;
				CLANG_WARN_CONSTANT_CONVERSION = YES;
				CLANG_WARN_DIRECT_OBJC_ISA_USAGE = YES_ERROR;
				CLANG_WARN_EMPTY_BODY = YES;
				CLANG_WARN_ENUM_CONVERSION = YES;
				CLANG_WARN_INT_CONVERSION = YES;
				CLANG_WARN_OBJC_ROOT_CLASS = YES_ERROR;
				CLANG_WARN_UNREACHABLE_CODE = YES;
				CLANG_WARN__DUPLICATE_METHOD_MATCH = YES;
				"CODE_SIGN_IDENTITY[sdk=iphoneos*]" = "iPhone Developer";
				COPY_PHASE_STRIP = NO;
				DEBUG_INFORMATION_FORMAT = "dwarf-with-dsym";
				ENABLE_NS_ASSERTIONS = NO;
				ENABLE_STRICT_OBJC_MSGSEND = YES;
				GCC_C_LANGUAGE_STANDARD = gnu99;
				GCC_NO_COMMON_BLOCKS = YES;
				GCC_WARN_64_TO_32_BIT_CONVERSION = YES;
				GCC_WARN_ABOUT_RETURN_TYPE = YES_ERROR;
				GCC_WARN_UNDECLARED_SELECTOR = YES;
				GCC_WARN_UNINITIALIZED_AUTOS = YES_AGGRESSIVE;
				GCC_WARN_UNUSED_FUNCTION = YES;
				GCC_WARN_UNUSED_VARIABLE = YES;
				IPHONEOS_DEPLOYMENT_TARGET = 9.3;
				MTL_ENABLE_DEBUG_INFO = NO;
				SDKROOT = iphoneos;
				TARGETED_DEVICE_FAMILY = "1,2";
				VALIDATE_PRODUCT = YES;
			};
			name = Release;
		};
		2B6B45301CC7EE4400C152F7 /* Debug */ = {
			isa = XCBuildConfiguration;
			baseConfigurationReference = 099D6BADB20A48E42636C0A7 /* Pods-OSWifiHeatMap.debug.xcconfig */;
			buildSettings = {
				ASSETCATALOG_COMPILER_APPICON_NAME = AppIcon;
				INFOPLIST_FILE = OSWifiHeatMap/Info.plist;
				LD_RUNPATH_SEARCH_PATHS = "$(inherited) @executable_path/Frameworks";
				PRODUCT_BUNDLE_IDENTIFIER = com.ondrejstocek.OSWifiHeatMap;
				PRODUCT_NAME = "$(TARGET_NAME)";
			};
			name = Debug;
		};
		2B6B45311CC7EE4400C152F7 /* Release */ = {
			isa = XCBuildConfiguration;
			baseConfigurationReference = 8F17A9DE301B2A5429B31429 /* Pods-OSWifiHeatMap.release.xcconfig */;
			buildSettings = {
				ASSETCATALOG_COMPILER_APPICON_NAME = AppIcon;
				INFOPLIST_FILE = OSWifiHeatMap/Info.plist;
				LD_RUNPATH_SEARCH_PATHS = "$(inherited) @executable_path/Frameworks";
				PRODUCT_BUNDLE_IDENTIFIER = com.ondrejstocek.OSWifiHeatMap;
				PRODUCT_NAME = "$(TARGET_NAME)";
			};
			name = Release;
		};
		2B6B45331CC7EE4400C152F7 /* Debug */ = {
			isa = XCBuildConfiguration;
			baseConfigurationReference = 61A0AAF6FB519BFA4768B287 /* Pods-OSWifiHeatMapTests.debug.xcconfig */;
			buildSettings = {
				BUNDLE_LOADER = "$(TEST_HOST)";
				INFOPLIST_FILE = OSWifiHeatMapTests/Info.plist;
				LD_RUNPATH_SEARCH_PATHS = "$(inherited) @executable_path/Frameworks @loader_path/Frameworks";
				PRODUCT_BUNDLE_IDENTIFIER = com.ondrejstocek.OSWifiHeatMapTests;
				PRODUCT_NAME = "$(TARGET_NAME)";
				TEST_HOST = "$(BUILT_PRODUCTS_DIR)/OSWifiHeatMap.app/OSWifiHeatMap";
			};
			name = Debug;
		};
		2B6B45341CC7EE4400C152F7 /* Release */ = {
			isa = XCBuildConfiguration;
			baseConfigurationReference = 951F088B3FC3F099D4EE835D /* Pods-OSWifiHeatMapTests.release.xcconfig */;
			buildSettings = {
				BUNDLE_LOADER = "$(TEST_HOST)";
				INFOPLIST_FILE = OSWifiHeatMapTests/Info.plist;
				LD_RUNPATH_SEARCH_PATHS = "$(inherited) @executable_path/Frameworks @loader_path/Frameworks";
				PRODUCT_BUNDLE_IDENTIFIER = com.ondrejstocek.OSWifiHeatMapTests;
				PRODUCT_NAME = "$(TARGET_NAME)";
				TEST_HOST = "$(BUILT_PRODUCTS_DIR)/OSWifiHeatMap.app/OSWifiHeatMap";
			};
			name = Release;
		};
/* End XCBuildConfiguration section */

/* Begin XCConfigurationList section */
		2B6B450D1CC7EE4300C152F7 /* Build configuration list for PBXProject "OSWifiHeatMap" */ = {
			isa = XCConfigurationList;
			buildConfigurations = (
				2B6B452D1CC7EE4400C152F7 /* Debug */,
				2B6B452E1CC7EE4400C152F7 /* Release */,
			);
			defaultConfigurationIsVisible = 0;
			defaultConfigurationName = Release;
		};
		2B6B452F1CC7EE4400C152F7 /* Build configuration list for PBXNativeTarget "OSWifiHeatMap" */ = {
			isa = XCConfigurationList;
			buildConfigurations = (
				2B6B45301CC7EE4400C152F7 /* Debug */,
				2B6B45311CC7EE4400C152F7 /* Release */,
			);
			defaultConfigurationIsVisible = 0;
			defaultConfigurationName = Release;
		};
		2B6B45321CC7EE4400C152F7 /* Build configuration list for PBXNativeTarget "OSWifiHeatMapTests" */ = {
			isa = XCConfigurationList;
			buildConfigurations = (
				2B6B45331CC7EE4400C152F7 /* Debug */,
				2B6B45341CC7EE4400C152F7 /* Release */,
			);
			defaultConfigurationIsVisible = 0;
			defaultConfigurationName = Release;
		};
/* End XCConfigurationList section */
	};
	rootObject = 2B6B450A1CC7EE4300C152F7 /* Project object */;
}
